
Microsoft Visual Studio Solution File, Format Version 12.00
# Visual Studio Version 17
VisualStudioVersion = 17.9.34607.119
MinimumVisualStudioVersion = 10.0.40219.1
Project("{9A19103F-16F7-4668-BE54-9A1E7A4F7556}") = "Coderama.Api", "Coderama.Api.csproj", "{B7883AB0-96E8-4D80-BBD5-EB4A7B8E6FBE}"
EndProject
Project("{9A19103F-16F7-4668-BE54-9A1E7A4F7556}") = "Coderama.Services", "..\Coderama.Services\Coderama.Services.csproj", "{263EC1D5-4660-4048-9B9A-E6CD6BDA8146}"
EndProject
Project("{9A19103F-16F7-4668-BE54-9A1E7A4F7556}") = "Coderama.Data", "..\Coderama.Data\Coderama.Data.csproj", "{97F2336A-DB0D-4A46-9A9D-50558DF1A706}"
EndProject
Project("{9A19103F-16F7-4668-BE54-9A1E7A4F7556}") = "Coderama.Test", "..\Coderama.Test\Coderama.Test.csproj", "{89AF78CE-2B0D-40F4-BD8B-83EF44E02D58}"
EndProject
Project("{FAE04EC0-301F-11D3-BF4B-00C04F79EFBC}") = "Coderama.Storage", "..\Coderama.Storage\Coderama.Storage.csproj", "{A31A05F2-72D6-4FE7-931E-7136C3C35AE8}"
EndProject
Global
	GlobalSection(SolutionConfigurationPlatforms) = preSolution
		Debug|Any CPU = Debug|Any CPU
		Release|Any CPU = Release|Any CPU
	EndGlobalSection
	GlobalSection(ProjectConfigurationPlatforms) = postSolution
		{B7883AB0-96E8-4D80-BBD5-EB4A7B8E6FBE}.Debug|Any CPU.ActiveCfg = Debug|Any CPU
		{B7883AB0-96E8-4D80-BBD5-EB4A7B8E6FBE}.Debug|Any CPU.Build.0 = Debug|Any CPU
		{B7883AB0-96E8-4D80-BBD5-EB4A7B8E6FBE}.Release|Any CPU.ActiveCfg = Release|Any CPU
		{B7883AB0-96E8-4D80-BBD5-EB4A7B8E6FBE}.Release|Any CPU.Build.0 = Release|Any CPU
		{263EC1D5-4660-4048-9B9A-E6CD6BDA8146}.Debug|Any CPU.ActiveCfg = Debug|Any CPU
		{263EC1D5-4660-4048-9B9A-E6CD6BDA8146}.Debug|Any CPU.Build.0 = Debug|Any CPU
		{263EC1D5-4660-4048-9B9A-E6CD6BDA8146}.Release|Any CPU.ActiveCfg = Release|Any CPU
		{263EC1D5-4660-4048-9B9A-E6CD6BDA8146}.Release|Any CPU.Build.0 = Release|Any CPU
		{97F2336A-DB0D-4A46-9A9D-50558DF1A706}.Debug|Any CPU.ActiveCfg = Debug|Any CPU
		{97F2336A-DB0D-4A46-9A9D-50558DF1A706}.Debug|Any CPU.Build.0 = Debug|Any CPU
		{97F2336A-DB0D-4A46-9A9D-50558DF1A706}.Release|Any CPU.ActiveCfg = Release|Any CPU
		{97F2336A-DB0D-4A46-9A9D-50558DF1A706}.Release|Any CPU.Build.0 = Release|Any CPU
		{89AF78CE-2B0D-40F4-BD8B-83EF44E02D58}.Debug|Any CPU.ActiveCfg = Debug|Any CPU
		{89AF78CE-2B0D-40F4-BD8B-83EF44E02D58}.Debug|Any CPU.Build.0 = Debug|Any CPU
		{89AF78CE-2B0D-40F4-BD8B-83EF44E02D58}.Release|Any CPU.ActiveCfg = Release|Any CPU
		{89AF78CE-2B0D-40F4-BD8B-83EF44E02D58}.Release|Any CPU.Build.0 = Release|Any CPU
		{A31A05F2-72D6-4FE7-931E-7136C3C35AE8}.Debug|Any CPU.ActiveCfg = Debug|Any CPU
		{A31A05F2-72D6-4FE7-931E-7136C3C35AE8}.Debug|Any CPU.Build.0 = Debug|Any CPU
		{A31A05F2-72D6-4FE7-931E-7136C3C35AE8}.Release|Any CPU.ActiveCfg = Release|Any CPU
		{A31A05F2-72D6-4FE7-931E-7136C3C35AE8}.Release|Any CPU.Build.0 = Release|Any CPU
	EndGlobalSection
	GlobalSection(SolutionProperties) = preSolution
		HideSolutionNode = FALSE
	EndGlobalSection
	GlobalSection(ExtensibilityGlobals) = postSolution
		SolutionGuid = {B73FA94F-B943-4595-B9AE-8810E6CF3366}
	EndGlobalSection
EndGlobal
